
Microsoft Visual Studio Solution File, Format Version 12.00
# Visual Studio Version 16
VisualStudioVersion = 16.0.30804.86
MinimumVisualStudioVersion = 10.0.40219.1
Project("{FAE04EC0-301F-11D3-BF4B-00C04F79EFBC}") = "ITLEFileSpec", "ITLEFileSpec\ITLEFileSpec.csproj", "{B405EE7D-7EDE-4812-88B4-7297DD35DFBB}"
EndProject
Project("{FAE04EC0-301F-11D3-BF4B-00C04F79EFBC}") = "TLEFileEZTools", "TLEFileEZTools\TLEFileEZTools.csproj", "{6CAA82CE-3E8C-473C-B48B-E0BD857740D7}"
EndProject
Project("{FAE04EC0-301F-11D3-BF4B-00C04F79EFBC}") = "TLEFileGenericCsv", "TLEFileGenericCsv\TLEFileGenericCsv.csproj", "{FC0EB431-2893-41C4-B0ED-C4D2C4290CA4}"
EndProject
Project("{FAE04EC0-301F-11D3-BF4B-00C04F79EFBC}") = "TLEFileTimelines", "TLEFileTimelines\TLEFileTimelines.csproj", "{8983B700-AFE0-480A-BABE-D8DD5A760404}"
EndProject
Project("{FAE04EC0-301F-11D3-BF4B-00C04F79EFBC}") = "TLEFileMicrosoft", "TLEFileMicrosoft\TLEFileMicrosoft.csproj", "{496A603A-7A88-490F-BEC8-97967746AFF8}"
EndProject
Project("{FAE04EC0-301F-11D3-BF4B-00C04F79EFBC}") = "TLEFileKAPE", "TLEFileKAPE\TLEFileKAPE.csproj", "{4AF4AE97-649B-4A8F-AA77-C72F5826D848}"
EndProject
Project("{FAE04EC0-301F-11D3-BF4B-00C04F79EFBC}") = "TLEFileTzWorks", "TLEFileTzWorks\TLEFileTzWorks.csproj", "{3F975021-89C4-4E63-B342-DCCA4AF5F1BC}"
EndProject
Project("{FAE04EC0-301F-11D3-BF4B-00C04F79EFBC}") = "TLEFileMisc", "TLEFileMisc\TLEFileMisc.csproj", "{EFBB6815-A8EC-40D5-83FF-5D73DB540116}"
EndProject
Global
	GlobalSection(SolutionConfigurationPlatforms) = preSolution
		Debug|Any CPU = Debug|Any CPU
		Release|Any CPU = Release|Any CPU
	EndGlobalSection
	GlobalSection(ProjectConfigurationPlatforms) = postSolution
		{B405EE7D-7EDE-4812-88B4-7297DD35DFBB}.Debug|Any CPU.ActiveCfg = Debug|Any CPU
		{B405EE7D-7EDE-4812-88B4-7297DD35DFBB}.Debug|Any CPU.Build.0 = Debug|Any CPU
		{B405EE7D-7EDE-4812-88B4-7297DD35DFBB}.Release|Any CPU.ActiveCfg = Release|Any CPU
		{B405EE7D-7EDE-4812-88B4-7297DD35DFBB}.Release|Any CPU.Build.0 = Release|Any CPU
		{6CAA82CE-3E8C-473C-B48B-E0BD857740D7}.Debug|Any CPU.ActiveCfg = Debug|Any CPU
		{6CAA82CE-3E8C-473C-B48B-E0BD857740D7}.Debug|Any CPU.Build.0 = Debug|Any CPU
		{6CAA82CE-3E8C-473C-B48B-E0BD857740D7}.Release|Any CPU.ActiveCfg = Release|Any CPU
		{6CAA82CE-3E8C-473C-B48B-E0BD857740D7}.Release|Any CPU.Build.0 = Release|Any CPU
		{FC0EB431-2893-41C4-B0ED-C4D2C4290CA4}.Debug|Any CPU.ActiveCfg = Debug|Any CPU
		{FC0EB431-2893-41C4-B0ED-C4D2C4290CA4}.Debug|Any CPU.Build.0 = Debug|Any CPU
		{FC0EB431-2893-41C4-B0ED-C4D2C4290CA4}.Release|Any CPU.ActiveCfg = Release|Any CPU
		{FC0EB431-2893-41C4-B0ED-C4D2C4290CA4}.Release|Any CPU.Build.0 = Release|Any CPU
		{8983B700-AFE0-480A-BABE-D8DD5A760404}.Debug|Any CPU.ActiveCfg = Debug|Any CPU
		{8983B700-AFE0-480A-BABE-D8DD5A760404}.Debug|Any CPU.Build.0 = Debug|Any CPU
		{8983B700-AFE0-480A-BABE-D8DD5A760404}.Release|Any CPU.ActiveCfg = Release|Any CPU
		{8983B700-AFE0-480A-BABE-D8DD5A760404}.Release|Any CPU.Build.0 = Release|Any CPU
		{496A603A-7A88-490F-BEC8-97967746AFF8}.Debug|Any CPU.ActiveCfg = Debug|Any CPU
		{496A603A-7A88-490F-BEC8-97967746AFF8}.Debug|Any CPU.Build.0 = Debug|Any CPU
		{496A603A-7A88-490F-BEC8-97967746AFF8}.Release|Any CPU.ActiveCfg = Release|Any CPU
		{496A603A-7A88-490F-BEC8-97967746AFF8}.Release|Any CPU.Build.0 = Release|Any CPU
		{4AF4AE97-649B-4A8F-AA77-C72F5826D848}.Debug|Any CPU.ActiveCfg = Debug|Any CPU
		{4AF4AE97-649B-4A8F-AA77-C72F5826D848}.Debug|Any CPU.Build.0 = Debug|Any CPU
		{4AF4AE97-649B-4A8F-AA77-C72F5826D848}.Release|Any CPU.ActiveCfg = Release|Any CPU
		{4AF4AE97-649B-4A8F-AA77-C72F5826D848}.Release|Any CPU.Build.0 = Release|Any CPU
		{3F975021-89C4-4E63-B342-DCCA4AF5F1BC}.Debug|Any CPU.ActiveCfg = Debug|Any CPU
		{3F975021-89C4-4E63-B342-DCCA4AF5F1BC}.Debug|Any CPU.Build.0 = Debug|Any CPU
		{3F975021-89C4-4E63-B342-DCCA4AF5F1BC}.Release|Any CPU.ActiveCfg = Release|Any CPU
		{3F975021-89C4-4E63-B342-DCCA4AF5F1BC}.Release|Any CPU.Build.0 = Release|Any CPU
		{EFBB6815-A8EC-40D5-83FF-5D73DB540116}.Debug|Any CPU.ActiveCfg = Debug|Any CPU
		{EFBB6815-A8EC-40D5-83FF-5D73DB540116}.Debug|Any CPU.Build.0 = Debug|Any CPU
		{EFBB6815-A8EC-40D5-83FF-5D73DB540116}.Release|Any CPU.ActiveCfg = Release|Any CPU
		{EFBB6815-A8EC-40D5-83FF-5D73DB540116}.Release|Any CPU.Build.0 = Release|Any CPU
	EndGlobalSection
	GlobalSection(SolutionProperties) = preSolution
		HideSolutionNode = FALSE
	EndGlobalSection
	GlobalSection(ExtensibilityGlobals) = postSolution
		SolutionGuid = {1AA0AF61-B998-4A64-8045-09D79B9DCDD3}
	EndGlobalSection
EndGlobal
